
Microsoft Visual Studio Solution File, Format Version 12.00
# Visual Studio Version 17
VisualStudioVersion = 17.5.33627.172
MinimumVisualStudioVersion = 10.0.40219.1
Project("{9A19103F-16F7-4668-BE54-9A1E7A4F7556}") = "Id Generator Snowflake", "Id Generator Snowflake\Id Generator Snowflake.csproj", "{24D9A140-13B5-4145-AC8A-8B23A62D987C}"
EndProject
Project("{9A19103F-16F7-4668-BE54-9A1E7A4F7556}") = "Id Generator Snowflake Benchmarks", "Id Generator Snowflake Benchmarks\Id Generator Snowflake Benchmarks.csproj", "{9961E5F7-D092-44D2-A38E-9A9E8999C023}"
EndProject
Project("{FAE04EC0-301F-11D3-BF4B-00C04F79EFBC}") = "Id Generator Snowflake Test", "Id Generator Snowflake Test\Id Generator Snowflake Test.csproj", "{18093B7D-0886-4711-A7EA-54D49150989A}"
EndProject
Global
	GlobalSection(SolutionConfigurationPlatforms) = preSolution
		Debug|Any CPU = Debug|Any CPU
		Release|Any CPU = Release|Any CPU
	EndGlobalSection
	GlobalSection(ProjectConfigurationPlatforms) = postSolution
		{24D9A140-13B5-4145-AC8A-8B23A62D987C}.Debug|Any CPU.ActiveCfg = Debug|Any CPU
		{24D9A140-13B5-4145-AC8A-8B23A62D987C}.Debug|Any CPU.Build.0 = Debug|Any CPU
		{24D9A140-13B5-4145-AC8A-8B23A62D987C}.Release|Any CPU.ActiveCfg = Release|Any CPU
		{24D9A140-13B5-4145-AC8A-8B23A62D987C}.Release|Any CPU.Build.0 = Release|Any CPU
		{9961E5F7-D092-44D2-A38E-9A9E8999C023}.Debug|Any CPU.ActiveCfg = Debug|Any CPU
		{9961E5F7-D092-44D2-A38E-9A9E8999C023}.Debug|Any CPU.Build.0 = Debug|Any CPU
		{9961E5F7-D092-44D2-A38E-9A9E8999C023}.Release|Any CPU.ActiveCfg = Release|Any CPU
		{9961E5F7-D092-44D2-A38E-9A9E8999C023}.Release|Any CPU.Build.0 = Release|Any CPU
		{18093B7D-0886-4711-A7EA-54D49150989A}.Debug|Any CPU.ActiveCfg = Debug|Any CPU
		{18093B7D-0886-4711-A7EA-54D49150989A}.Debug|Any CPU.Build.0 = Debug|Any CPU
		{18093B7D-0886-4711-A7EA-54D49150989A}.Release|Any CPU.ActiveCfg = Release|Any CPU
		{18093B7D-0886-4711-A7EA-54D49150989A}.Release|Any CPU.Build.0 = Release|Any CPU
	EndGlobalSection
	GlobalSection(SolutionProperties) = preSolution
		HideSolutionNode = FALSE
	EndGlobalSection
	GlobalSection(ExtensibilityGlobals) = postSolution
		SolutionGuid = {BAAD0C58-D353-4BFB-B9A7-799B6D240312}
	EndGlobalSection
EndGlobal
